
Microsoft Visual Studio Solution File, Format Version 12.00
# Visual Studio Version 17
VisualStudioVersion = 17.3.32825.248
MinimumVisualStudioVersion = 10.0.40219.1
Project("{FAE04EC0-301F-11D3-BF4B-00C04F79EFBC}") = "DiazPC02.API", "DiazPC02.API\DiazPC02.API.csproj", "{9980EFC5-359A-4CED-9C40-37D56AC09906}"
EndProject
Project("{FAE04EC0-301F-11D3-BF4B-00C04F79EFBC}") = "DiazPC02.DOMAIN", "DiazPC02.DOMAIN\DiazPC02.DOMAIN.csproj", "{160E6540-7DAA-4F13-957F-9B64265138A6}"
EndProject
Global
	GlobalSection(SolutionConfigurationPlatforms) = preSolution
		Debug|Any CPU = Debug|Any CPU
		Release|Any CPU = Release|Any CPU
	EndGlobalSection
	GlobalSection(ProjectConfigurationPlatforms) = postSolution
		{9980EFC5-359A-4CED-9C40-37D56AC09906}.Debug|Any CPU.ActiveCfg = Debug|Any CPU
		{9980EFC5-359A-4CED-9C40-37D56AC09906}.Debug|Any CPU.Build.0 = Debug|Any CPU
		{9980EFC5-359A-4CED-9C40-37D56AC09906}.Release|Any CPU.ActiveCfg = Release|Any CPU
		{9980EFC5-359A-4CED-9C40-37D56AC09906}.Release|Any CPU.Build.0 = Release|Any CPU
		{160E6540-7DAA-4F13-957F-9B64265138A6}.Debug|Any CPU.ActiveCfg = Debug|Any CPU
		{160E6540-7DAA-4F13-957F-9B64265138A6}.Debug|Any CPU.Build.0 = Debug|Any CPU
		{160E6540-7DAA-4F13-957F-9B64265138A6}.Release|Any CPU.ActiveCfg = Release|Any CPU
		{160E6540-7DAA-4F13-957F-9B64265138A6}.Release|Any CPU.Build.0 = Release|Any CPU
	EndGlobalSection
	GlobalSection(SolutionProperties) = preSolution
		HideSolutionNode = FALSE
	EndGlobalSection
	GlobalSection(ExtensibilityGlobals) = postSolution
		SolutionGuid = {FD141D72-4D60-4B01-8440-9871C1151287}
	EndGlobalSection
EndGlobal
